// !$*UTF8*$!
{
	archiveVersion = 1;
	classes = {
	};
	objectVersion = 46;
	objects = {

/* Begin PBXBuildFile section */
		8E013718193F35C5005F433C /* iconplay@2x.png in Resources */ = {isa = PBXBuildFile; fileRef = 8E013717193F35C5005F433C /* iconplay@2x.png */; };
		8E3CD8AA193FA17C00296A3B /* GameKit.framework in Frameworks */ = {isa = PBXBuildFile; fileRef = 8E3CD8A9193FA17C00296A3B /* GameKit.framework */; };
		8E63DA4B192DE1F7006EF00F /* Foundation.framework in Frameworks */ = {isa = PBXBuildFile; fileRef = 8E63DA4A192DE1F7006EF00F /* Foundation.framework */; };
		8E63DA4D192DE1F7006EF00F /* CoreGraphics.framework in Frameworks */ = {isa = PBXBuildFile; fileRef = 8E63DA4C192DE1F7006EF00F /* CoreGraphics.framework */; };
		8E63DA4F192DE1F7006EF00F /* UIKit.framework in Frameworks */ = {isa = PBXBuildFile; fileRef = 8E63DA4E192DE1F7006EF00F /* UIKit.framework */; };
		8E63DA55192DE1F7006EF00F /* InfoPlist.strings in Resources */ = {isa = PBXBuildFile; fileRef = 8E63DA53192DE1F7006EF00F /* InfoPlist.strings */; };
		8E63DA57192DE1F7006EF00F /* main.m in Sources */ = {isa = PBXBuildFile; fileRef = 8E63DA56192DE1F7006EF00F /* main.m */; };
		8E63DA5B192DE1F7006EF00F /* STSAppDelegate.m in Sources */ = {isa = PBXBuildFile; fileRef = 8E63DA5A192DE1F7006EF00F /* STSAppDelegate.m */; };
		8E63DA64192DE1F7006EF00F /* STSGameViewController.m in Sources */ = {isa = PBXBuildFile; fileRef = 8E63DA63192DE1F7006EF00F /* STSGameViewController.m */; };
		8E63DA66192DE1F7006EF00F /* Images.xcassets in Resources */ = {isa = PBXBuildFile; fileRef = 8E63DA65192DE1F7006EF00F /* Images.xcassets */; };
		8E63DA86192E4EF9006EF00F /* STSGameLogic.m in Sources */ = {isa = PBXBuildFile; fileRef = 8E63DA85192E4EF9006EF00F /* STSGameLogic.m */; };
		8E8C83B5193876D8007542B3 /* STSLogViewController.m in Sources */ = {isa = PBXBuildFile; fileRef = 8E8C83B4193876D8007542B3 /* STSLogViewController.m */; };
		8E8C83B7193D844C007542B3 /* BanzaiWordsFont-Bold.ttf in Resources */ = {isa = PBXBuildFile; fileRef = 8E8C83B6193D844C007542B3 /* BanzaiWordsFont-Bold.ttf */; };
		8E8C83BA193DC371007542B3 /* STSLogTableViewController.m in Sources */ = {isa = PBXBuildFile; fileRef = 8E8C83B9193DC371007542B3 /* STSLogTableViewController.m */; };
		8E8C83BD193DDACD007542B3 /* STSHomeViewController.m in Sources */ = {isa = PBXBuildFile; fileRef = 8E8C83BC193DDACD007542B3 /* STSHomeViewController.m */; };
		8E8C83C2193E43D7007542B3 /* iconfeedback@2x.png in Resources */ = {isa = PBXBuildFile; fileRef = 8E8C83BE193E43D7007542B3 /* iconfeedback@2x.png */; };
		8E8C83C3193E43D7007542B3 /* icongamecenter@2x.png in Resources */ = {isa = PBXBuildFile; fileRef = 8E8C83BF193E43D7007542B3 /* icongamecenter@2x.png */; };
		8E8C83C4193E43D7007542B3 /* iconhelp@2x.png in Resources */ = {isa = PBXBuildFile; fileRef = 8E8C83C0193E43D7007542B3 /* iconhelp@2x.png */; };
		8E8C83C5193E43D7007542B3 /* iconsettings@2x.png in Resources */ = {isa = PBXBuildFile; fileRef = 8E8C83C1193E43D7007542B3 /* iconsettings@2x.png */; };
		8E8C83C7193E46C7007542B3 /* iconhome@2x.png in Resources */ = {isa = PBXBuildFile; fileRef = 8E8C83C6193E46C7007542B3 /* iconhome@2x.png */; };
		8E8C83C9193EDDBA007542B3 /* iconback@2x.png in Resources */ = {isa = PBXBuildFile; fileRef = 8E8C83C8193EDDBA007542B3 /* iconback@2x.png */; };
		8E8C83CB193EE0A0007542B3 /* iconsettings-gray@2x.png in Resources */ = {isa = PBXBuildFile; fileRef = 8E8C83CA193EE0A0007542B3 /* iconsettings-gray@2x.png */; };
		8E8C83CD193EEA03007542B3 /* iconhelp-gray@2x.png in Resources */ = {isa = PBXBuildFile; fileRef = 8E8C83CC193EEA03007542B3 /* iconhelp-gray@2x.png */; };
		8E8C83D0193EECB7007542B3 /* STSHelpViewController.m in Sources */ = {isa = PBXBuildFile; fileRef = 8E8C83CF193EECB7007542B3 /* STSHelpViewController.m */; };
		8E8C83D3193EF0FB007542B3 /* STSSettingsViewController.m in Sources */ = {isa = PBXBuildFile; fileRef = 8E8C83D2193EF0FB007542B3 /* STSSettingsViewController.m */; };
		8E9B6AB9192E6A74005B4210 /* words.txt in Resources */ = {isa = PBXBuildFile; fileRef = 8E9B6AB8192E6A74005B4210 /* words.txt */; };
		8E9B6ABD19334D2B005B4210 /* Storyboard.storyboard in Resources */ = {isa = PBXBuildFile; fileRef = 8E9B6ABC19334D2B005B4210 /* Storyboard.storyboard */; };
/* End PBXBuildFile section */

/* Begin PBXFileReference section */
		8E013717193F35C5005F433C /* iconplay@2x.png */ = {isa = PBXFileReference; lastKnownFileType = image.png; path = "iconplay@2x.png"; sourceTree = "<group>"; };
		8E3CD8A9193FA17C00296A3B /* GameKit.framework */ = {isa = PBXFileReference; lastKnownFileType = wrapper.framework; name = GameKit.framework; path = System/Library/Frameworks/GameKit.framework; sourceTree = SDKROOT; };
		8E63DA47192DE1F7006EF00F /* Slide to Spell.app */ = {isa = PBXFileReference; explicitFileType = wrapper.application; includeInIndex = 0; path = "Slide to Spell.app"; sourceTree = BUILT_PRODUCTS_DIR; };
		8E63DA4A192DE1F7006EF00F /* Foundation.framework */ = {isa = PBXFileReference; lastKnownFileType = wrapper.framework; name = Foundation.framework; path = System/Library/Frameworks/Foundation.framework; sourceTree = SDKROOT; };
		8E63DA4C192DE1F7006EF00F /* CoreGraphics.framework */ = {isa = PBXFileReference; lastKnownFileType = wrapper.framework; name = CoreGraphics.framework; path = System/Library/Frameworks/CoreGraphics.framework; sourceTree = SDKROOT; };
		8E63DA4E192DE1F7006EF00F /* UIKit.framework */ = {isa = PBXFileReference; lastKnownFileType = wrapper.framework; name = UIKit.framework; path = System/Library/Frameworks/UIKit.framework; sourceTree = SDKROOT; };
		8E63DA52192DE1F7006EF00F /* Slide to Spell-Info.plist */ = {isa = PBXFileReference; lastKnownFileType = text.plist.xml; path = "Slide to Spell-Info.plist"; sourceTree = "<group>"; };
		8E63DA54192DE1F7006EF00F /* en */ = {isa = PBXFileReference; lastKnownFileType = text.plist.strings; name = en; path = en.lproj/InfoPlist.strings; sourceTree = "<group>"; };
		8E63DA56192DE1F7006EF00F /* main.m */ = {isa = PBXFileReference; lastKnownFileType = sourcecode.c.objc; path = main.m; sourceTree = "<group>"; };
		8E63DA58192DE1F7006EF00F /* Slide to Spell-Prefix.pch */ = {isa = PBXFileReference; lastKnownFileType = sourcecode.c.h; path = "Slide to Spell-Prefix.pch"; sourceTree = "<group>"; };
		8E63DA59192DE1F7006EF00F /* STSAppDelegate.h */ = {isa = PBXFileReference; lastKnownFileType = sourcecode.c.h; path = STSAppDelegate.h; sourceTree = "<group>"; };
		8E63DA5A192DE1F7006EF00F /* STSAppDelegate.m */ = {isa = PBXFileReference; lastKnownFileType = sourcecode.c.objc; path = STSAppDelegate.m; sourceTree = "<group>"; };
		8E63DA62192DE1F7006EF00F /* STSGameViewController.h */ = {isa = PBXFileReference; lastKnownFileType = sourcecode.c.h; path = STSGameViewController.h; sourceTree = "<group>"; };
		8E63DA63192DE1F7006EF00F /* STSGameViewController.m */ = {isa = PBXFileReference; lastKnownFileType = sourcecode.c.objc; path = STSGameViewController.m; sourceTree = "<group>"; };
		8E63DA65192DE1F7006EF00F /* Images.xcassets */ = {isa = PBXFileReference; lastKnownFileType = folder.assetcatalog; path = Images.xcassets; sourceTree = "<group>"; };
		8E63DA84192E4EF9006EF00F /* STSGameLogic.h */ = {isa = PBXFileReference; fileEncoding = 4; lastKnownFileType = sourcecode.c.h; path = STSGameLogic.h; sourceTree = "<group>"; };
		8E63DA85192E4EF9006EF00F /* STSGameLogic.m */ = {isa = PBXFileReference; fileEncoding = 4; lastKnownFileType = sourcecode.c.objc; path = STSGameLogic.m; sourceTree = "<group>"; };
		8E8C83B3193876D8007542B3 /* STSLogViewController.h */ = {isa = PBXFileReference; fileEncoding = 4; lastKnownFileType = sourcecode.c.h; path = STSLogViewController.h; sourceTree = "<group>"; };
		8E8C83B4193876D8007542B3 /* STSLogViewController.m */ = {isa = PBXFileReference; fileEncoding = 4; lastKnownFileType = sourcecode.c.objc; path = STSLogViewController.m; sourceTree = "<group>"; };
		8E8C83B6193D844C007542B3 /* BanzaiWordsFont-Bold.ttf */ = {isa = PBXFileReference; lastKnownFileType = file; path = "BanzaiWordsFont-Bold.ttf"; sourceTree = "<group>"; };
		8E8C83B8193DC371007542B3 /* STSLogTableViewController.h */ = {isa = PBXFileReference; fileEncoding = 4; lastKnownFileType = sourcecode.c.h; path = STSLogTableViewController.h; sourceTree = "<group>"; };
		8E8C83B9193DC371007542B3 /* STSLogTableViewController.m */ = {isa = PBXFileReference; fileEncoding = 4; lastKnownFileType = sourcecode.c.objc; path = STSLogTableViewController.m; sourceTree = "<group>"; };
		8E8C83BB193DDACD007542B3 /* STSHomeViewController.h */ = {isa = PBXFileReference; fileEncoding = 4; lastKnownFileType = sourcecode.c.h; path = STSHomeViewController.h; sourceTree = "<group>"; };
		8E8C83BC193DDACD007542B3 /* STSHomeViewController.m */ = {isa = PBXFileReference; fileEncoding = 4; lastKnownFileType = sourcecode.c.objc; path = STSHomeViewController.m; sourceTree = "<group>"; };
		8E8C83BE193E43D7007542B3 /* iconfeedback@2x.png */ = {isa = PBXFileReference; lastKnownFileType = image.png; path = "iconfeedback@2x.png"; sourceTree = "<group>"; };
		8E8C83BF193E43D7007542B3 /* icongamecenter@2x.png */ = {isa = PBXFileReference; lastKnownFileType = image.png; path = "icongamecenter@2x.png"; sourceTree = "<group>"; };
		8E8C83C0193E43D7007542B3 /* iconhelp@2x.png */ = {isa = PBXFileReference; lastKnownFileType = image.png; path = "iconhelp@2x.png"; sourceTree = "<group>"; };
		8E8C83C1193E43D7007542B3 /* iconsettings@2x.png */ = {isa = PBXFileReference; lastKnownFileType = image.png; path = "iconsettings@2x.png"; sourceTree = "<group>"; };
		8E8C83C6193E46C7007542B3 /* iconhome@2x.png */ = {isa = PBXFileReference; lastKnownFileType = image.png; path = "iconhome@2x.png"; sourceTree = "<group>"; };
		8E8C83C8193EDDBA007542B3 /* iconback@2x.png */ = {isa = PBXFileReference; lastKnownFileType = image.png; path = "iconback@2x.png"; sourceTree = "<group>"; };
		8E8C83CA193EE0A0007542B3 /* iconsettings-gray@2x.png */ = {isa = PBXFileReference; lastKnownFileType = image.png; path = "iconsettings-gray@2x.png"; sourceTree = "<group>"; };
		8E8C83CC193EEA03007542B3 /* iconhelp-gray@2x.png */ = {isa = PBXFileReference; lastKnownFileType = image.png; path = "iconhelp-gray@2x.png"; sourceTree = "<group>"; };
		8E8C83CE193EECB7007542B3 /* STSHelpViewController.h */ = {isa = PBXFileReference; fileEncoding = 4; lastKnownFileType = sourcecode.c.h; path = STSHelpViewController.h; sourceTree = "<group>"; };
		8E8C83CF193EECB7007542B3 /* STSHelpViewController.m */ = {isa = PBXFileReference; fileEncoding = 4; lastKnownFileType = sourcecode.c.objc; path = STSHelpViewController.m; sourceTree = "<group>"; };
		8E8C83D1193EF0FB007542B3 /* STSSettingsViewController.h */ = {isa = PBXFileReference; fileEncoding = 4; lastKnownFileType = sourcecode.c.h; path = STSSettingsViewController.h; sourceTree = "<group>"; };
		8E8C83D2193EF0FB007542B3 /* STSSettingsViewController.m */ = {isa = PBXFileReference; fileEncoding = 4; lastKnownFileType = sourcecode.c.objc; path = STSSettingsViewController.m; sourceTree = "<group>"; };
		8E9B6AB8192E6A74005B4210 /* words.txt */ = {isa = PBXFileReference; fileEncoding = 4; lastKnownFileType = text; path = words.txt; sourceTree = "<group>"; };
		8E9B6ABC19334D2B005B4210 /* Storyboard.storyboard */ = {isa = PBXFileReference; fileEncoding = 4; lastKnownFileType = file.storyboard; path = Storyboard.storyboard; sourceTree = "<group>"; };
/* End PBXFileReference section */

/* Begin PBXFrameworksBuildPhase section */
		8E63DA44192DE1F7006EF00F /* Frameworks */ = {
			isa = PBXFrameworksBuildPhase;
			buildActionMask = 2147483647;
			files = (
				8E3CD8AA193FA17C00296A3B /* GameKit.framework in Frameworks */,
				8E63DA4D192DE1F7006EF00F /* CoreGraphics.framework in Frameworks */,
				8E63DA4F192DE1F7006EF00F /* UIKit.framework in Frameworks */,
				8E63DA4B192DE1F7006EF00F /* Foundation.framework in Frameworks */,
			);
			runOnlyForDeploymentPostprocessing = 0;
		};
/* End PBXFrameworksBuildPhase section */

/* Begin PBXGroup section */
		8E63DA3E192DE1F7006EF00F = {
			isa = PBXGroup;
			children = (
				8E63DA50192DE1F7006EF00F /* SlideToSpell */,
				8E63DA49192DE1F7006EF00F /* Frameworks */,
				8E63DA48192DE1F7006EF00F /* Products */,
			);
			sourceTree = "<group>";
		};
		8E63DA48192DE1F7006EF00F /* Products */ = {
			isa = PBXGroup;
			children = (
				8E63DA47192DE1F7006EF00F /* Slide to Spell.app */,
			);
			name = Products;
			sourceTree = "<group>";
		};
		8E63DA49192DE1F7006EF00F /* Frameworks */ = {
			isa = PBXGroup;
			children = (
				8E3CD8A9193FA17C00296A3B /* GameKit.framework */,
				8E63DA4A192DE1F7006EF00F /* Foundation.framework */,
				8E63DA4C192DE1F7006EF00F /* CoreGraphics.framework */,
				8E63DA4E192DE1F7006EF00F /* UIKit.framework */,
			);
			name = Frameworks;
			sourceTree = "<group>";
		};
		8E63DA50192DE1F7006EF00F /* SlideToSpell */ = {
			isa = PBXGroup;
			children = (
				8E63DA84192E4EF9006EF00F /* STSGameLogic.h */,
				8E63DA85192E4EF9006EF00F /* STSGameLogic.m */,
				8E8C83BB193DDACD007542B3 /* STSHomeViewController.h */,
				8E8C83BC193DDACD007542B3 /* STSHomeViewController.m */,
				8E63DA62192DE1F7006EF00F /* STSGameViewController.h */,
				8E63DA63192DE1F7006EF00F /* STSGameViewController.m */,
				8E8C83B3193876D8007542B3 /* STSLogViewController.h */,
				8E8C83B4193876D8007542B3 /* STSLogViewController.m */,
				8E8C83B8193DC371007542B3 /* STSLogTableViewController.h */,
				8E8C83B9193DC371007542B3 /* STSLogTableViewController.m */,
				8E8C83D1193EF0FB007542B3 /* STSSettingsViewController.h */,
				8E8C83D2193EF0FB007542B3 /* STSSettingsViewController.m */,
				8E8C83CE193EECB7007542B3 /* STSHelpViewController.h */,
				8E8C83CF193EECB7007542B3 /* STSHelpViewController.m */,
				8E63DA59192DE1F7006EF00F /* STSAppDelegate.h */,
				8E63DA5A192DE1F7006EF00F /* STSAppDelegate.m */,
				8E9B6ABC19334D2B005B4210 /* Storyboard.storyboard */,
				8E63DA65192DE1F7006EF00F /* Images.xcassets */,
				8E63DA51192DE1F7006EF00F /* Supporting Files */,
			);
			path = SlideToSpell;
			sourceTree = "<group>";
		};
		8E63DA51192DE1F7006EF00F /* Supporting Files */ = {
			isa = PBXGroup;
			children = (
				8E013717193F35C5005F433C /* iconplay@2x.png */,
				8E8C83C8193EDDBA007542B3 /* iconback@2x.png */,
				8E8C83C6193E46C7007542B3 /* iconhome@2x.png */,
				8E8C83BE193E43D7007542B3 /* iconfeedback@2x.png */,
				8E8C83BF193E43D7007542B3 /* icongamecenter@2x.png */,
				8E8C83CC193EEA03007542B3 /* iconhelp-gray@2x.png */,
				8E8C83C0193E43D7007542B3 /* iconhelp@2x.png */,
				8E8C83CA193EE0A0007542B3 /* iconsettings-gray@2x.png */,
				8E8C83C1193E43D7007542B3 /* iconsettings@2x.png */,
				8E8C83B6193D844C007542B3 /* BanzaiWordsFont-Bold.ttf */,
				8E9B6AB8192E6A74005B4210 /* words.txt */,
				8E63DA52192DE1F7006EF00F /* Slide to Spell-Info.plist */,
				8E63DA53192DE1F7006EF00F /* InfoPlist.strings */,
				8E63DA56192DE1F7006EF00F /* main.m */,
				8E63DA58192DE1F7006EF00F /* Slide to Spell-Prefix.pch */,
			);
			name = "Supporting Files";
			sourceTree = "<group>";
		};
/* End PBXGroup section */

/* Begin PBXNativeTarget section */
		8E63DA46192DE1F7006EF00F /* Slide to Spell */ = {
			isa = PBXNativeTarget;
			buildConfigurationList = 8E63DA7C192DE1F7006EF00F /* Build configuration list for PBXNativeTarget "Slide to Spell" */;
			buildPhases = (
				8E63DA43192DE1F7006EF00F /* Sources */,
				8E63DA44192DE1F7006EF00F /* Frameworks */,
				8E63DA45192DE1F7006EF00F /* Resources */,
			);
			buildRules = (
			);
			dependencies = (
			);
			name = "Slide to Spell";
			productName = SlideToSpell;
			productReference = 8E63DA47192DE1F7006EF00F /* Slide to Spell.app */;
			productType = "com.apple.product-type.application";
		};
/* End PBXNativeTarget section */

/* Begin PBXProject section */
		8E63DA3F192DE1F7006EF00F /* Project object */ = {
			isa = PBXProject;
			attributes = {
				CLASSPREFIX = STS;
				LastUpgradeCheck = 0510;
				ORGANIZATIONNAME = Toxa;
			};
			buildConfigurationList = 8E63DA42192DE1F7006EF00F /* Build configuration list for PBXProject "Slide to Spell" */;
			compatibilityVersion = "Xcode 3.2";
			developmentRegion = English;
			hasScannedForEncodings = 0;
			knownRegions = (
				en,
				Base,
			);
			mainGroup = 8E63DA3E192DE1F7006EF00F;
			productRefGroup = 8E63DA48192DE1F7006EF00F /* Products */;
			projectDirPath = "";
			projectRoot = "";
			targets = (
				8E63DA46192DE1F7006EF00F /* Slide to Spell */,
			);
		};
/* End PBXProject section */

/* Begin PBXResourcesBuildPhase section */
		8E63DA45192DE1F7006EF00F /* Resources */ = {
			isa = PBXResourcesBuildPhase;
			buildActionMask = 2147483647;
			files = (
				8E8C83C5193E43D7007542B3 /* iconsettings@2x.png in Resources */,
				8E8C83C3193E43D7007542B3 /* icongamecenter@2x.png in Resources */,
				8E8C83C4193E43D7007542B3 /* iconhelp@2x.png in Resources */,
				8E8C83CD193EEA03007542B3 /* iconhelp-gray@2x.png in Resources */,
				8E63DA66192DE1F7006EF00F /* Images.xcassets in Resources */,
				8E9B6ABD19334D2B005B4210 /* Storyboard.storyboard in Resources */,
				8E9B6AB9192E6A74005B4210 /* words.txt in Resources */,
				8E8C83C2193E43D7007542B3 /* iconfeedback@2x.png in Resources */,
				8E8C83B7193D844C007542B3 /* BanzaiWordsFont-Bold.ttf in Resources */,
				8E63DA55192DE1F7006EF00F /* InfoPlist.strings in Resources */,
				8E8C83C9193EDDBA007542B3 /* iconback@2x.png in Resources */,
				8E8C83CB193EE0A0007542B3 /* iconsettings-gray@2x.png in Resources */,
				8E013718193F35C5005F433C /* iconplay@2x.png in Resources */,
				8E8C83C7193E46C7007542B3 /* iconhome@2x.png in Resources */,
			);
			runOnlyForDeploymentPostprocessing = 0;
		};
/* End PBXResourcesBuildPhase section */

/* Begin PBXSourcesBuildPhase section */
		8E63DA43192DE1F7006EF00F /* Sources */ = {
			isa = PBXSourcesBuildPhase;
			buildActionMask = 2147483647;
			files = (
				8E63DA57192DE1F7006EF00F /* main.m in Sources */,
				8E8C83BD193DDACD007542B3 /* STSHomeViewController.m in Sources */,
				8E8C83BA193DC371007542B3 /* STSLogTableViewController.m in Sources */,
				8E8C83D3193EF0FB007542B3 /* STSSettingsViewController.m in Sources */,
				8E63DA5B192DE1F7006EF00F /* STSAppDelegate.m in Sources */,
				8E8C83D0193EECB7007542B3 /* STSHelpViewController.m in Sources */,
				8E63DA86192E4EF9006EF00F /* STSGameLogic.m in Sources */,
				8E63DA64192DE1F7006EF00F /* STSGameViewController.m in Sources */,
				8E8C83B5193876D8007542B3 /* STSLogViewController.m in Sources */,
			);
			runOnlyForDeploymentPostprocessing = 0;
		};
/* End PBXSourcesBuildPhase section */

/* Begin PBXVariantGroup section */
		8E63DA53192DE1F7006EF00F /* InfoPlist.strings */ = {
			isa = PBXVariantGroup;
			children = (
				8E63DA54192DE1F7006EF00F /* en */,
			);
			name = InfoPlist.strings;
			sourceTree = "<group>";
		};
/* End PBXVariantGroup section */

/* Begin XCBuildConfiguration section */
		8E63DA7A192DE1F7006EF00F /* Debug */ = {
			isa = XCBuildConfiguration;
			buildSettings = {
				ALWAYS_SEARCH_USER_PATHS = NO;
				CLANG_CXX_LANGUAGE_STANDARD = "gnu++0x";
				CLANG_CXX_LIBRARY = "libc++";
				CLANG_ENABLE_MODULES = YES;
				CLANG_ENABLE_OBJC_ARC = YES;
				CLANG_WARN_BOOL_CONVERSION = YES;
				CLANG_WARN_CONSTANT_CONVERSION = YES;
				CLANG_WARN_DIRECT_OBJC_ISA_USAGE = YES_ERROR;
				CLANG_WARN_EMPTY_BODY = YES;
				CLANG_WARN_ENUM_CONVERSION = YES;
				CLANG_WARN_INT_CONVERSION = YES;
				CLANG_WARN_OBJC_ROOT_CLASS = YES_ERROR;
				CLANG_WARN__DUPLICATE_METHOD_MATCH = YES;
				"CODE_SIGN_IDENTITY[sdk=iphoneos*]" = "iPhone Developer";
				COPY_PHASE_STRIP = NO;
				GCC_C_LANGUAGE_STANDARD = gnu99;
				GCC_DYNAMIC_NO_PIC = NO;
				GCC_OPTIMIZATION_LEVEL = 0;
				GCC_PREPROCESSOR_DEFINITIONS = (
					"DEBUG=1",
					"$(inherited)",
				);
				GCC_SYMBOLS_PRIVATE_EXTERN = NO;
				GCC_WARN_64_TO_32_BIT_CONVERSION = YES;
				GCC_WARN_ABOUT_RETURN_TYPE = YES_ERROR;
				GCC_WARN_UNDECLARED_SELECTOR = YES;
				GCC_WARN_UNINITIALIZED_AUTOS = YES_AGGRESSIVE;
				GCC_WARN_UNUSED_FUNCTION = YES;
				GCC_WARN_UNUSED_VARIABLE = YES;
				IPHONEOS_DEPLOYMENT_TARGET = 6.0;
				ONLY_ACTIVE_ARCH = YES;
				SDKROOT = iphoneos;
				TARGETED_DEVICE_FAMILY = "1,2";
			};
			name = Debug;
		};
		8E63DA7B192DE1F7006EF00F /* Release */ = {
			isa = XCBuildConfiguration;
			buildSettings = {
				ALWAYS_SEARCH_USER_PATHS = NO;
				CLANG_CXX_LANGUAGE_STANDARD = "gnu++0x";
				CLANG_CXX_LIBRARY = "libc++";
				CLANG_ENABLE_MODULES = YES;
				CLANG_ENABLE_OBJC_ARC = YES;
				CLANG_WARN_BOOL_CONVERSION = YES;
				CLANG_WARN_CONSTANT_CONVERSION = YES;
				CLANG_WARN_DIRECT_OBJC_ISA_USAGE = YES_ERROR;
				CLANG_WARN_EMPTY_BODY = YES;
				CLANG_WARN_ENUM_CONVERSION = YES;
				CLANG_WARN_INT_CONVERSION = YES;
				CLANG_WARN_OBJC_ROOT_CLASS = YES_ERROR;
				CLANG_WARN__DUPLICATE_METHOD_MATCH = YES;
				"CODE_SIGN_IDENTITY[sdk=iphoneos*]" = "iPhone Developer";
				COPY_PHASE_STRIP = YES;
				ENABLE_NS_ASSERTIONS = NO;
				GCC_C_LANGUAGE_STANDARD = gnu99;
				GCC_WARN_64_TO_32_BIT_CONVERSION = YES;
				GCC_WARN_ABOUT_RETURN_TYPE = YES_ERROR;
				GCC_WARN_UNDECLARED_SELECTOR = YES;
				GCC_WARN_UNINITIALIZED_AUTOS = YES_AGGRESSIVE;
				GCC_WARN_UNUSED_FUNCTION = YES;
				GCC_WARN_UNUSED_VARIABLE = YES;
				IPHONEOS_DEPLOYMENT_TARGET = 6.0;
				SDKROOT = iphoneos;
				TARGETED_DEVICE_FAMILY = "1,2";
				VALIDATE_PRODUCT = YES;
			};
			name = Release;
		};
		8E63DA7D192DE1F7006EF00F /* Debug */ = {
			isa = XCBuildConfiguration;
			buildSettings = {
				ASSETCATALOG_COMPILER_APPICON_NAME = AppIcon;
				ASSETCATALOG_COMPILER_LAUNCHIMAGE_NAME = LaunchImage;
				GCC_PRECOMPILE_PREFIX_HEADER = YES;
				GCC_PREFIX_HEADER = "SlideToSpell/Slide to Spell-Prefix.pch";
				INFOPLIST_FILE = "SlideToSpell/Slide to Spell-Info.plist";
				IPHONEOS_DEPLOYMENT_TARGET = 6.0;
				PRODUCT_NAME = "Slide to Spell";
				WRAPPER_EXTENSION = app;
			};
			name = Debug;
		};
		8E63DA7E192DE1F7006EF00F /* Release */ = {
			isa = XCBuildConfiguration;
			buildSettings = {
				ASSETCATALOG_COMPILER_APPICON_NAME = AppIcon;
				ASSETCATALOG_COMPILER_LAUNCHIMAGE_NAME = LaunchImage;
				GCC_PRECOMPILE_PREFIX_HEADER = YES;
				GCC_PREFIX_HEADER = "SlideToSpell/Slide to Spell-Prefix.pch";
				INFOPLIST_FILE = "SlideToSpell/Slide to Spell-Info.plist";
				IPHONEOS_DEPLOYMENT_TARGET = 6.0;
				PRODUCT_NAME = "Slide to Spell";
				WRAPPER_EXTENSION = app;
			};
			name = Release;
		};
/* End XCBuildConfiguration section */

/* Begin XCConfigurationList section */
		8E63DA42192DE1F7006EF00F /* Build configuration list for PBXProject "Slide to Spell" */ = {
			isa = XCConfigurationList;
			buildConfigurations = (
				8E63DA7A192DE1F7006EF00F /* Debug */,
				8E63DA7B192DE1F7006EF00F /* Release */,
			);
			defaultConfigurationIsVisible = 0;
			defaultConfigurationName = Release;
		};
		8E63DA7C192DE1F7006EF00F /* Build configuration list for PBXNativeTarget "Slide to Spell" */ = {
			isa = XCConfigurationList;
			buildConfigurations = (
				8E63DA7D192DE1F7006EF00F /* Debug */,
				8E63DA7E192DE1F7006EF00F /* Release */,
			);
			defaultConfigurationIsVisible = 0;
			defaultConfigurationName = Release;
		};
/* End XCConfigurationList section */
	};
	rootObject = 8E63DA3F192DE1F7006EF00F /* Project object */;
}
